
Microsoft Visual Studio Solution File, Format Version 12.00
# Visual Studio Version 16
VisualStudioVersion = 16.0.30114.105
MinimumVisualStudioVersion = 10.0.40219.1
Project("{FAE04EC0-301F-11D3-BF4B-00C04F79EFBC}") = "MessageBoxPrac", "MessageBoxPrac\MessageBoxPrac.csproj", "{C7EB5F9B-C988-4A1B-A4F0-8C4AB1AEA980}"
EndProject
Global
	GlobalSection(SolutionConfigurationPlatforms) = preSolution
		Debug|Any CPU = Debug|Any CPU
		Release|Any CPU = Release|Any CPU
	EndGlobalSection
	GlobalSection(ProjectConfigurationPlatforms) = postSolution
		{C7EB5F9B-C988-4A1B-A4F0-8C4AB1AEA980}.Debug|Any CPU.ActiveCfg = Debug|Any CPU
		{C7EB5F9B-C988-4A1B-A4F0-8C4AB1AEA980}.Debug|Any CPU.Build.0 = Debug|Any CPU
		{C7EB5F9B-C988-4A1B-A4F0-8C4AB1AEA980}.Release|Any CPU.ActiveCfg = Release|Any CPU
		{C7EB5F9B-C988-4A1B-A4F0-8C4AB1AEA980}.Release|Any CPU.Build.0 = Release|Any CPU
	EndGlobalSection
	GlobalSection(SolutionProperties) = preSolution
		HideSolutionNode = FALSE
	EndGlobalSection
	GlobalSection(ExtensibilityGlobals) = postSolution
		SolutionGuid = {3ABF3420-3188-44C8-BFA4-684DF0757700}
	EndGlobalSection
EndGlobal
